
Microsoft Visual Studio Solution File, Format Version 12.00
# Visual Studio 14
VisualStudioVersion = 14.0.24720.0
MinimumVisualStudioVersion = 10.0.40219.1
Project("{2150E333-8FDC-42A3-9474-1A3956D46DE8}") = "src", "src", "{2AAF29DE-D61F-44FC-ACB1-0C11B3196DEE}"
EndProject
Project("{2150E333-8FDC-42A3-9474-1A3956D46DE8}") = "Solution Items", "Solution Items", "{D9C5A424-AEBB-4E90-B204-A37627C4A392}"
	ProjectSection(SolutionItems) = preProject
		global.json = global.json
	EndProjectSection
EndProject
Project("{8BB2217D-0F2D-49D1-97BC-3654ED321F3B}") = "Sharp48.ConsoleApp", "src\Sharp48.ConsoleApp\Sharp48.ConsoleApp.xproj", "{7EBF4EEE-4BC4-4A38-BAB2-0EEE115CD377}"
EndProject
Project("{8BB2217D-0F2D-49D1-97BC-3654ED321F3B}") = "Sharp48.Core", "src\Sharp48.Core\Sharp48.Core.xproj", "{1083FA8C-F907-4934-A9D7-336E33FBB1F3}"
EndProject
Global
	GlobalSection(SolutionConfigurationPlatforms) = preSolution
		Debug|Any CPU = Debug|Any CPU
		Release|Any CPU = Release|Any CPU
	EndGlobalSection
	GlobalSection(ProjectConfigurationPlatforms) = postSolution
		{7EBF4EEE-4BC4-4A38-BAB2-0EEE115CD377}.Debug|Any CPU.ActiveCfg = Debug|Any CPU
		{7EBF4EEE-4BC4-4A38-BAB2-0EEE115CD377}.Debug|Any CPU.Build.0 = Debug|Any CPU
		{7EBF4EEE-4BC4-4A38-BAB2-0EEE115CD377}.Release|Any CPU.ActiveCfg = Release|Any CPU
		{7EBF4EEE-4BC4-4A38-BAB2-0EEE115CD377}.Release|Any CPU.Build.0 = Release|Any CPU
		{1083FA8C-F907-4934-A9D7-336E33FBB1F3}.Debug|Any CPU.ActiveCfg = Debug|Any CPU
		{1083FA8C-F907-4934-A9D7-336E33FBB1F3}.Debug|Any CPU.Build.0 = Debug|Any CPU
		{1083FA8C-F907-4934-A9D7-336E33FBB1F3}.Release|Any CPU.ActiveCfg = Release|Any CPU
		{1083FA8C-F907-4934-A9D7-336E33FBB1F3}.Release|Any CPU.Build.0 = Release|Any CPU
	EndGlobalSection
	GlobalSection(SolutionProperties) = preSolution
		HideSolutionNode = FALSE
	EndGlobalSection
	GlobalSection(NestedProjects) = preSolution
		{7EBF4EEE-4BC4-4A38-BAB2-0EEE115CD377} = {2AAF29DE-D61F-44FC-ACB1-0C11B3196DEE}
		{1083FA8C-F907-4934-A9D7-336E33FBB1F3} = {2AAF29DE-D61F-44FC-ACB1-0C11B3196DEE}
	EndGlobalSection
	GlobalSection(CodealikeProperties) = postSolution
		SolutionGuid = 46443e00-4047-466a-8baa-734309e8cb38
	EndGlobalSection
EndGlobal
