
Microsoft Visual Studio Solution File, Format Version 12.00
# Visual Studio Version 17
VisualStudioVersion = 17.0.31903.59
MinimumVisualStudioVersion = 10.0.40219.1
Project("{2150E333-8FDC-42A3-9474-1A3956D46DE8}") = "Solution Items", "Solution Items", "{46996EE0-24D4-4BF0-8882-605BEBFBA227}"
	ProjectSection(SolutionItems) = preProject
		LICENSE = LICENSE
		README.md = README.md
		.gitignore = .gitignore
		won.png = won.png
		won-ended.png = won-ended.png
	EndProjectSection
EndProject
Project("{FAE04EC0-301F-11D3-BF4B-00C04F79EFBC}") = "Sharp48.ConsoleApp", "Sharp48.ConsoleApp\Sharp48.ConsoleApp.csproj", "{9BA3D11B-538A-41F4-AB0E-9082AD3860C9}"
EndProject
Project("{FAE04EC0-301F-11D3-BF4B-00C04F79EFBC}") = "Sharp48.Core", "Sharp48.Core\Sharp48.Core.csproj", "{30A77F10-1412-4F25-AAB1-BC6B418F4BFC}"
EndProject
Project("{FAE04EC0-301F-11D3-BF4B-00C04F79EFBC}") = "Sharp48.Solvers", "Sharp48.Solvers\Sharp48.Solvers.csproj", "{FC21785D-30CC-4857-B46C-F464BF10745B}"
EndProject
Project("{FAE04EC0-301F-11D3-BF4B-00C04F79EFBC}") = "Sharp48.UserInterfaces", "Sharp48.UserInterfaces\Sharp48.UserInterfaces.csproj", "{E1BB0DD1-4F81-4068-8CF4-234E8C94C69B}"
EndProject
Project("{FAE04EC0-301F-11D3-BF4B-00C04F79EFBC}") = "Sharp48.Core.Tests", "Sharp48.Core.Tests\Sharp48.Core.Tests.csproj", "{E9E9683B-0C56-4DAC-871C-036071CBFD45}"
EndProject
Project("{FAE04EC0-301F-11D3-BF4B-00C04F79EFBC}") = "Sharp48.Solvers.Tests", "Sharp48.Solvers.Tests\Sharp48.Solvers.Tests.csproj", "{2AC2029D-23F8-47CB-872D-937999651496}"
EndProject
Global
	GlobalSection(SolutionConfigurationPlatforms) = preSolution
		Debug|Any CPU = Debug|Any CPU
		Release|Any CPU = Release|Any CPU
	EndGlobalSection
	GlobalSection(ProjectConfigurationPlatforms) = postSolution
		{9BA3D11B-538A-41F4-AB0E-9082AD3860C9}.Debug|Any CPU.ActiveCfg = Debug|Any CPU
		{9BA3D11B-538A-41F4-AB0E-9082AD3860C9}.Debug|Any CPU.Build.0 = Debug|Any CPU
		{9BA3D11B-538A-41F4-AB0E-9082AD3860C9}.Release|Any CPU.ActiveCfg = Release|Any CPU
		{9BA3D11B-538A-41F4-AB0E-9082AD3860C9}.Release|Any CPU.Build.0 = Release|Any CPU
		{30A77F10-1412-4F25-AAB1-BC6B418F4BFC}.Debug|Any CPU.ActiveCfg = Debug|Any CPU
		{30A77F10-1412-4F25-AAB1-BC6B418F4BFC}.Debug|Any CPU.Build.0 = Debug|Any CPU
		{30A77F10-1412-4F25-AAB1-BC6B418F4BFC}.Release|Any CPU.ActiveCfg = Release|Any CPU
		{30A77F10-1412-4F25-AAB1-BC6B418F4BFC}.Release|Any CPU.Build.0 = Release|Any CPU
		{FC21785D-30CC-4857-B46C-F464BF10745B}.Debug|Any CPU.ActiveCfg = Debug|Any CPU
		{FC21785D-30CC-4857-B46C-F464BF10745B}.Debug|Any CPU.Build.0 = Debug|Any CPU
		{FC21785D-30CC-4857-B46C-F464BF10745B}.Release|Any CPU.ActiveCfg = Release|Any CPU
		{FC21785D-30CC-4857-B46C-F464BF10745B}.Release|Any CPU.Build.0 = Release|Any CPU
		{E1BB0DD1-4F81-4068-8CF4-234E8C94C69B}.Debug|Any CPU.ActiveCfg = Debug|Any CPU
		{E1BB0DD1-4F81-4068-8CF4-234E8C94C69B}.Debug|Any CPU.Build.0 = Debug|Any CPU
		{E1BB0DD1-4F81-4068-8CF4-234E8C94C69B}.Release|Any CPU.ActiveCfg = Release|Any CPU
		{E1BB0DD1-4F81-4068-8CF4-234E8C94C69B}.Release|Any CPU.Build.0 = Release|Any CPU
		{E9E9683B-0C56-4DAC-871C-036071CBFD45}.Debug|Any CPU.ActiveCfg = Debug|Any CPU
		{E9E9683B-0C56-4DAC-871C-036071CBFD45}.Debug|Any CPU.Build.0 = Debug|Any CPU
		{E9E9683B-0C56-4DAC-871C-036071CBFD45}.Release|Any CPU.ActiveCfg = Release|Any CPU
		{E9E9683B-0C56-4DAC-871C-036071CBFD45}.Release|Any CPU.Build.0 = Release|Any CPU
		{2AC2029D-23F8-47CB-872D-937999651496}.Debug|Any CPU.ActiveCfg = Debug|Any CPU
		{2AC2029D-23F8-47CB-872D-937999651496}.Debug|Any CPU.Build.0 = Debug|Any CPU
		{2AC2029D-23F8-47CB-872D-937999651496}.Release|Any CPU.ActiveCfg = Release|Any CPU
		{2AC2029D-23F8-47CB-872D-937999651496}.Release|Any CPU.Build.0 = Release|Any CPU
	EndGlobalSection
	GlobalSection(SolutionProperties) = preSolution
		HideSolutionNode = FALSE
	EndGlobalSection
EndGlobal
